
Microsoft Visual Studio Solution File, Format Version 12.00
# Visual Studio Version 16
VisualStudioVersion = 16.0.30413.136
MinimumVisualStudioVersion = 10.0.40219.1
Project("{FAE04EC0-301F-11D3-BF4B-00C04F79EFBC}") = "FunctionTest", "FunctionTest\FunctionTest.csproj", "{AB371B47-4EAA-46E7-A161-F6DD0698AD86}"
EndProject
Global
	GlobalSection(SolutionConfigurationPlatforms) = preSolution
		Debug|Any CPU = Debug|Any CPU
		Release|Any CPU = Release|Any CPU
	EndGlobalSection
	GlobalSection(ProjectConfigurationPlatforms) = postSolution
		{AB371B47-4EAA-46E7-A161-F6DD0698AD86}.Debug|Any CPU.ActiveCfg = Debug|Any CPU
		{AB371B47-4EAA-46E7-A161-F6DD0698AD86}.Debug|Any CPU.Build.0 = Debug|Any CPU
		{AB371B47-4EAA-46E7-A161-F6DD0698AD86}.Release|Any CPU.ActiveCfg = Release|Any CPU
		{AB371B47-4EAA-46E7-A161-F6DD0698AD86}.Release|Any CPU.Build.0 = Release|Any CPU
	EndGlobalSection
	GlobalSection(SolutionProperties) = preSolution
		HideSolutionNode = FALSE
	EndGlobalSection
	GlobalSection(ExtensibilityGlobals) = postSolution
		SolutionGuid = {0D1CE844-E5C2-4432-A70C-B052FEB6831E}
	EndGlobalSection
EndGlobal
